
Microsoft Visual Studio Solution File, Format Version 12.00
# Visual Studio Version 16
VisualStudioVersion = 16.0.29709.97
MinimumVisualStudioVersion = 10.0.40219.1
Project("{FAE04EC0-301F-11D3-BF4B-00C04F79EFBC}") = "FriendService", "FriendService\FriendService.csproj", "{D196DA88-4342-4DD0-A7BD-201CB960DEDC}"
EndProject
Global
	GlobalSection(SolutionConfigurationPlatforms) = preSolution
		Debug|Any CPU = Debug|Any CPU
		Release|Any CPU = Release|Any CPU
	EndGlobalSection
	GlobalSection(ProjectConfigurationPlatforms) = postSolution
		{D196DA88-4342-4DD0-A7BD-201CB960DEDC}.Debug|Any CPU.ActiveCfg = Debug|Any CPU
		{D196DA88-4342-4DD0-A7BD-201CB960DEDC}.Debug|Any CPU.Build.0 = Debug|Any CPU
		{D196DA88-4342-4DD0-A7BD-201CB960DEDC}.Release|Any CPU.ActiveCfg = Release|Any CPU
		{D196DA88-4342-4DD0-A7BD-201CB960DEDC}.Release|Any CPU.Build.0 = Release|Any CPU
	EndGlobalSection
	GlobalSection(SolutionProperties) = preSolution
		HideSolutionNode = FALSE
	EndGlobalSection
	GlobalSection(ExtensibilityGlobals) = postSolution
		SolutionGuid = {ED3F08DB-4390-484F-830D-C7B881890887}
	EndGlobalSection
EndGlobal
